
Microsoft Visual Studio Solution File, Format Version 12.00
# Visual Studio Version 17
VisualStudioVersion = 17.4.33205.214
MinimumVisualStudioVersion = 10.0.40219.1
Project("{2150E333-8FDC-42A3-9474-1A3956D46DE8}") = "CSharp Fundamentials home work", "CSharp Fundamentials home work", "{9ED7AA58-E896-48ED-9AE3-5A61A5C2BBD0}"
EndProject
Project("{9A19103F-16F7-4668-BE54-9A1E7A4F7556}") = "1. Ages", "Task1\1. Ages.csproj", "{D7D1AFF3-7224-482C-9E19-33B34B4B3DB4}"
EndProject
Project("{9A19103F-16F7-4668-BE54-9A1E7A4F7556}") = "2. Division", "2. Division\2. Division.csproj", "{DD729E60-1EE4-4C3F-8CD6-89F0D6F5B748}"
EndProject
Project("{9A19103F-16F7-4668-BE54-9A1E7A4F7556}") = "3. Vacation", "3. Vacation\3. Vacation.csproj", "{143B4FC2-E94B-40A3-A903-54F0923E83C6}"
EndProject
Project("{9A19103F-16F7-4668-BE54-9A1E7A4F7556}") = "4. Print and Sum", "4. Print and Sum\4. Print and Sum.csproj", "{33F28309-5786-4461-9E2E-8BCD4D73CD80}"
EndProject
Project("{9A19103F-16F7-4668-BE54-9A1E7A4F7556}") = "5. Login", "5. Login\5. Login.csproj", "{F24EE928-4709-4C20-AFD9-3656A47EA0F9}"
EndProject
Project("{9A19103F-16F7-4668-BE54-9A1E7A4F7556}") = "11. Orders", "11. Orders\11. Orders.csproj", "{3A87568B-D4FD-460B-AFAA-35611CE48690}"
EndProject
Project("{9A19103F-16F7-4668-BE54-9A1E7A4F7556}") = "6. Strong Number", "6. Strong Number\6. Strong Number.csproj", "{0224917B-2C45-424B-A397-5D3C3B5D6F7A}"
EndProject
Project("{9A19103F-16F7-4668-BE54-9A1E7A4F7556}") = "7. Vending Machine", "7. Vending Machine\7. Vending Machine.csproj", "{28C4E088-E22B-41B3-B900-47B5697F1325}"
EndProject
Project("{9A19103F-16F7-4668-BE54-9A1E7A4F7556}") = "8. Triangle of Numbers", "8. Triangle of Numbers\8. Triangle of Numbers.csproj", "{C3E6B66C-5F51-4FF0-B7FF-2AEDD6C3297B}"
EndProject
Global
	GlobalSection(SolutionConfigurationPlatforms) = preSolution
		Debug|Any CPU = Debug|Any CPU
		Release|Any CPU = Release|Any CPU
	EndGlobalSection
	GlobalSection(ProjectConfigurationPlatforms) = postSolution
		{D7D1AFF3-7224-482C-9E19-33B34B4B3DB4}.Debug|Any CPU.ActiveCfg = Debug|Any CPU
		{D7D1AFF3-7224-482C-9E19-33B34B4B3DB4}.Debug|Any CPU.Build.0 = Debug|Any CPU
		{D7D1AFF3-7224-482C-9E19-33B34B4B3DB4}.Release|Any CPU.ActiveCfg = Release|Any CPU
		{D7D1AFF3-7224-482C-9E19-33B34B4B3DB4}.Release|Any CPU.Build.0 = Release|Any CPU
		{DD729E60-1EE4-4C3F-8CD6-89F0D6F5B748}.Debug|Any CPU.ActiveCfg = Debug|Any CPU
		{DD729E60-1EE4-4C3F-8CD6-89F0D6F5B748}.Debug|Any CPU.Build.0 = Debug|Any CPU
		{DD729E60-1EE4-4C3F-8CD6-89F0D6F5B748}.Release|Any CPU.ActiveCfg = Release|Any CPU
		{DD729E60-1EE4-4C3F-8CD6-89F0D6F5B748}.Release|Any CPU.Build.0 = Release|Any CPU
		{143B4FC2-E94B-40A3-A903-54F0923E83C6}.Debug|Any CPU.ActiveCfg = Debug|Any CPU
		{143B4FC2-E94B-40A3-A903-54F0923E83C6}.Debug|Any CPU.Build.0 = Debug|Any CPU
		{143B4FC2-E94B-40A3-A903-54F0923E83C6}.Release|Any CPU.ActiveCfg = Release|Any CPU
		{143B4FC2-E94B-40A3-A903-54F0923E83C6}.Release|Any CPU.Build.0 = Release|Any CPU
		{33F28309-5786-4461-9E2E-8BCD4D73CD80}.Debug|Any CPU.ActiveCfg = Debug|Any CPU
		{33F28309-5786-4461-9E2E-8BCD4D73CD80}.Debug|Any CPU.Build.0 = Debug|Any CPU
		{33F28309-5786-4461-9E2E-8BCD4D73CD80}.Release|Any CPU.ActiveCfg = Release|Any CPU
		{33F28309-5786-4461-9E2E-8BCD4D73CD80}.Release|Any CPU.Build.0 = Release|Any CPU
		{F24EE928-4709-4C20-AFD9-3656A47EA0F9}.Debug|Any CPU.ActiveCfg = Debug|Any CPU
		{F24EE928-4709-4C20-AFD9-3656A47EA0F9}.Debug|Any CPU.Build.0 = Debug|Any CPU
		{F24EE928-4709-4C20-AFD9-3656A47EA0F9}.Release|Any CPU.ActiveCfg = Release|Any CPU
		{F24EE928-4709-4C20-AFD9-3656A47EA0F9}.Release|Any CPU.Build.0 = Release|Any CPU
		{3A87568B-D4FD-460B-AFAA-35611CE48690}.Debug|Any CPU.ActiveCfg = Debug|Any CPU
		{3A87568B-D4FD-460B-AFAA-35611CE48690}.Debug|Any CPU.Build.0 = Debug|Any CPU
		{3A87568B-D4FD-460B-AFAA-35611CE48690}.Release|Any CPU.ActiveCfg = Release|Any CPU
		{3A87568B-D4FD-460B-AFAA-35611CE48690}.Release|Any CPU.Build.0 = Release|Any CPU
		{0224917B-2C45-424B-A397-5D3C3B5D6F7A}.Debug|Any CPU.ActiveCfg = Debug|Any CPU
		{0224917B-2C45-424B-A397-5D3C3B5D6F7A}.Debug|Any CPU.Build.0 = Debug|Any CPU
		{0224917B-2C45-424B-A397-5D3C3B5D6F7A}.Release|Any CPU.ActiveCfg = Release|Any CPU
		{0224917B-2C45-424B-A397-5D3C3B5D6F7A}.Release|Any CPU.Build.0 = Release|Any CPU
		{28C4E088-E22B-41B3-B900-47B5697F1325}.Debug|Any CPU.ActiveCfg = Debug|Any CPU
		{28C4E088-E22B-41B3-B900-47B5697F1325}.Debug|Any CPU.Build.0 = Debug|Any CPU
		{28C4E088-E22B-41B3-B900-47B5697F1325}.Release|Any CPU.ActiveCfg = Release|Any CPU
		{28C4E088-E22B-41B3-B900-47B5697F1325}.Release|Any CPU.Build.0 = Release|Any CPU
		{C3E6B66C-5F51-4FF0-B7FF-2AEDD6C3297B}.Debug|Any CPU.ActiveCfg = Debug|Any CPU
		{C3E6B66C-5F51-4FF0-B7FF-2AEDD6C3297B}.Debug|Any CPU.Build.0 = Debug|Any CPU
		{C3E6B66C-5F51-4FF0-B7FF-2AEDD6C3297B}.Release|Any CPU.ActiveCfg = Release|Any CPU
		{C3E6B66C-5F51-4FF0-B7FF-2AEDD6C3297B}.Release|Any CPU.Build.0 = Release|Any CPU
	EndGlobalSection
	GlobalSection(SolutionProperties) = preSolution
		HideSolutionNode = FALSE
	EndGlobalSection
	GlobalSection(NestedProjects) = preSolution
		{D7D1AFF3-7224-482C-9E19-33B34B4B3DB4} = {9ED7AA58-E896-48ED-9AE3-5A61A5C2BBD0}
		{DD729E60-1EE4-4C3F-8CD6-89F0D6F5B748} = {9ED7AA58-E896-48ED-9AE3-5A61A5C2BBD0}
		{143B4FC2-E94B-40A3-A903-54F0923E83C6} = {9ED7AA58-E896-48ED-9AE3-5A61A5C2BBD0}
		{33F28309-5786-4461-9E2E-8BCD4D73CD80} = {9ED7AA58-E896-48ED-9AE3-5A61A5C2BBD0}
		{F24EE928-4709-4C20-AFD9-3656A47EA0F9} = {9ED7AA58-E896-48ED-9AE3-5A61A5C2BBD0}
		{3A87568B-D4FD-460B-AFAA-35611CE48690} = {9ED7AA58-E896-48ED-9AE3-5A61A5C2BBD0}
		{0224917B-2C45-424B-A397-5D3C3B5D6F7A} = {9ED7AA58-E896-48ED-9AE3-5A61A5C2BBD0}
		{28C4E088-E22B-41B3-B900-47B5697F1325} = {9ED7AA58-E896-48ED-9AE3-5A61A5C2BBD0}
		{C3E6B66C-5F51-4FF0-B7FF-2AEDD6C3297B} = {9ED7AA58-E896-48ED-9AE3-5A61A5C2BBD0}
	EndGlobalSection
	GlobalSection(ExtensibilityGlobals) = postSolution
		SolutionGuid = {0828CDEF-E600-4115-A8D6-64A74B5B8AE4}
	EndGlobalSection
EndGlobal
